
Microsoft Visual Studio Solution File, Format Version 12.00
# Visual Studio Version 17
VisualStudioVersion = 17.1.32210.238
MinimumVisualStudioVersion = 10.0.40219.1
Project("{FAE04EC0-301F-11D3-BF4B-00C04F79EFBC}") = "Program1", "Program1\Program1.csproj", "{DCFDB493-CEE4-4DAD-884E-E9DE1B1201C9}"
EndProject
Global
	GlobalSection(SolutionConfigurationPlatforms) = preSolution
		Debug|Any CPU = Debug|Any CPU
		Release|Any CPU = Release|Any CPU
	EndGlobalSection
	GlobalSection(ProjectConfigurationPlatforms) = postSolution
		{DCFDB493-CEE4-4DAD-884E-E9DE1B1201C9}.Debug|Any CPU.ActiveCfg = Debug|Any CPU
		{DCFDB493-CEE4-4DAD-884E-E9DE1B1201C9}.Debug|Any CPU.Build.0 = Debug|Any CPU
		{DCFDB493-CEE4-4DAD-884E-E9DE1B1201C9}.Release|Any CPU.ActiveCfg = Release|Any CPU
		{DCFDB493-CEE4-4DAD-884E-E9DE1B1201C9}.Release|Any CPU.Build.0 = Release|Any CPU
	EndGlobalSection
	GlobalSection(SolutionProperties) = preSolution
		HideSolutionNode = FALSE
	EndGlobalSection
	GlobalSection(ExtensibilityGlobals) = postSolution
		SolutionGuid = {108DC75D-D6B3-42BA-97F2-9DA6FE0618B7}
	EndGlobalSection
EndGlobal
