
Microsoft Visual Studio Solution File, Format Version 12.00
# Visual Studio Version 17
VisualStudioVersion = 17.1.32228.430
MinimumVisualStudioVersion = 10.0.40219.1
Project("{FAE04EC0-301F-11D3-BF4B-00C04F79EFBC}") = "FormValidation", "FormValidation\FormValidation.csproj", "{8276B1DB-9058-4245-ADD3-FAD7A9887BB5}"
EndProject
Global
	GlobalSection(SolutionConfigurationPlatforms) = preSolution
		Debug|Any CPU = Debug|Any CPU
		Release|Any CPU = Release|Any CPU
	EndGlobalSection
	GlobalSection(ProjectConfigurationPlatforms) = postSolution
		{8276B1DB-9058-4245-ADD3-FAD7A9887BB5}.Debug|Any CPU.ActiveCfg = Debug|Any CPU
		{8276B1DB-9058-4245-ADD3-FAD7A9887BB5}.Debug|Any CPU.Build.0 = Debug|Any CPU
		{8276B1DB-9058-4245-ADD3-FAD7A9887BB5}.Release|Any CPU.ActiveCfg = Release|Any CPU
		{8276B1DB-9058-4245-ADD3-FAD7A9887BB5}.Release|Any CPU.Build.0 = Release|Any CPU
	EndGlobalSection
	GlobalSection(SolutionProperties) = preSolution
		HideSolutionNode = FALSE
	EndGlobalSection
	GlobalSection(ExtensibilityGlobals) = postSolution
		SolutionGuid = {A5E46042-CC05-4014-943F-C49C91E9B834}
	EndGlobalSection
EndGlobal
