
Microsoft Visual Studio Solution File, Format Version 12.00
# Visual Studio Version 17
VisualStudioVersion = 17.1.32210.238
MinimumVisualStudioVersion = 10.0.40219.1
Project("{FAE04EC0-301F-11D3-BF4B-00C04F79EFBC}") = "Program3", "Program3\Program3.csproj", "{D62046A8-E169-4547-BA21-E3D2E435782C}"
EndProject
Global
	GlobalSection(SolutionConfigurationPlatforms) = preSolution
		Debug|Any CPU = Debug|Any CPU
		Release|Any CPU = Release|Any CPU
	EndGlobalSection
	GlobalSection(ProjectConfigurationPlatforms) = postSolution
		{D62046A8-E169-4547-BA21-E3D2E435782C}.Debug|Any CPU.ActiveCfg = Debug|Any CPU
		{D62046A8-E169-4547-BA21-E3D2E435782C}.Debug|Any CPU.Build.0 = Debug|Any CPU
		{D62046A8-E169-4547-BA21-E3D2E435782C}.Release|Any CPU.ActiveCfg = Release|Any CPU
		{D62046A8-E169-4547-BA21-E3D2E435782C}.Release|Any CPU.Build.0 = Release|Any CPU
	EndGlobalSection
	GlobalSection(SolutionProperties) = preSolution
		HideSolutionNode = FALSE
	EndGlobalSection
	GlobalSection(ExtensibilityGlobals) = postSolution
		SolutionGuid = {AE2AABE7-97F0-4F47-A204-21021EB9510F}
	EndGlobalSection
EndGlobal
